PODS:
  - AFNetworking (2.0.2):
    - AFNetworking/NSURLConnection
    - AFNetworking/NSURLSession
    - AFNetworking/Reachability
    - AFNetworking/Security
    - AFNetworking/Serialization
    - AFNetworking/UIKit
  - AFNetworking/NSURLConnection (2.0.2):
    - AFNetworking/Reachability
    - AFNetworking/Security
    - AFNetworking/Serialization
  - AFNetworking/NSURLSession (2.0.2):
    - AFNetworking/Reachability
    - AFNetworking/Security
    - AFNetworking/Serialization
  - AFNetworking/Reachability (2.0.2)
  - AFNetworking/Security (2.0.2)
  - AFNetworking/Serialization (2.0.2)
  - AFNetworking/UIKit (2.0.2):
    - AFNetworking/NSURLConnection
  - AFRaptureXMLRequestOperation (1.0.2):
    - AFNetworking (~> 2.0.2)
    - RaptureXML (~> 1.0.1)
  - RaptureXML (1.0.1)

DEPENDENCIES:
  - AFRaptureXMLRequestOperation (from `../AFRaptureXMLRequestOperation.podspec`)

EXTERNAL SOURCES:
  AFRaptureXMLRequestOperation:
    :path: ../AFRaptureXMLRequestOperation.podspec

SPEC CHECKSUMS:
  AFNetworking: 22de50ae71ab1c4859773f61068d6fcd1d8f9a4d
  AFRaptureXMLRequestOperation: 1ba07ab4bf56cb915c09fbf6ec23873951e6038e
  RaptureXML: ef017fda62eb95c60300108366d1f0cd0c28cbd4

COCOAPODS: 0.19.1
